// !$*UTF8*$!
{
	archiveVersion = 1;
	classes = {
	};
	objectVersion = 60;
	objects = {

/* Begin PBXBuildFile section */
		0509E7C9F208A6B61049105C /* PerformanceStats.swift in Sources */ = {isa = PBXBuildFile; fileRef = 7CB1C29CA6CFB52E468383D8 /* PerformanceStats.swift */; };
		3A70BC76DBA52951CA9C3605 /* MpvConfigView.swift in Sources */ = {isa = PBXBuildFile; fileRef = DC5CC48F0840B10DB094145A /* MpvConfigView.swift */; };
		3B374BB0581072BF2FDC1C78 /* MpvConfigModels.swift in Sources */ = {isa = PBXBuildFile; fileRef = 234624854A3AE7BEDC53EB9A /* MpvConfigModels.swift */; };
		3C76EFC4102D71E4F8EB7485 /* PlayerSettingsView.swift in Sources */ = {isa = PBXBuildFile; fileRef = 9911C3B9537F9629E5086F4A /* PlayerSettingsView.swift */; };
		4E24577161EC49F795708746 /* subtitles.png in Resources */ = {isa = PBXBuildFile; fileRef = 28F2733407E54826B6E93AC2 /* subtitles.png */; };
		5141864342A197A67CBC0DEA /* TrackPreferenceService.swift in Sources */ = {isa = PBXBuildFile; fileRef = F5602C0E02D02A79ABE8837A /* TrackPreferenceService.swift */; };
		6A22C3A3C46B60883309776E /* ServerSelectView.swift in Sources */ = {isa = PBXBuildFile; fileRef = DB41AA1177EF05D19E278916 /* ServerSelectView.swift */; };
		8CAEF6116645785A9605C460 /* PerformanceOverlayView.swift in Sources */ = {isa = PBXBuildFile; fileRef = 35363AC57105CBFEA1D47480 /* PerformanceOverlayView.swift */; };
		8F8A4EEF11F94AB2B11AD777 /* back-arrow.png in Resources */ = {isa = PBXBuildFile; fileRef = D160AC63894645548212EEF0 /* back-arrow.png */; };
		9D82BB3DA6029E023449A907 /* EndpointSelectView.swift in Sources */ = {isa = PBXBuildFile; fileRef = F156FB11282DDE8678B19A78 /* EndpointSelectView.swift */; };
		A001 /* FlixorMacApp.swift in Sources */ = {isa = PBXBuildFile; fileRef = B001 /* FlixorMacApp.swift */; };
		A002 /* RootView.swift in Sources */ = {isa = PBXBuildFile; fileRef = B002 /* RootView.swift */; };
		A003 /* SidebarView.swift in Sources */ = {isa = PBXBuildFile; fileRef = B003 /* SidebarView.swift */; };
		A004 /* User.swift in Sources */ = {isa = PBXBuildFile; fileRef = B004 /* User.swift */; };
		A005 /* APIError.swift in Sources */ = {isa = PBXBuildFile; fileRef = B005 /* APIError.swift */; };
		A006 /* APIClient.swift in Sources */ = {isa = PBXBuildFile; fileRef = B006 /* APIClient.swift */; };
		A007 /* KeychainHelper.swift in Sources */ = {isa = PBXBuildFile; fileRef = B007 /* KeychainHelper.swift */; };
		A008 /* SessionManager.swift in Sources */ = {isa = PBXBuildFile; fileRef = B008 /* SessionManager.swift */; };
		A009 /* PlexAuthView.swift in Sources */ = {isa = PBXBuildFile; fileRef = B009 /* PlexAuthView.swift */; };
		A010 /* PlexAuthViewModel.swift in Sources */ = {isa = PBXBuildFile; fileRef = B010 /* PlexAuthViewModel.swift */; };
		A011 /* SearchView.swift in Sources */ = {isa = PBXBuildFile; fileRef = B011 /* SearchView.swift */; };
		A012 /* LibraryView.swift in Sources */ = {isa = PBXBuildFile; fileRef = B012 /* LibraryView.swift */; };
		A014 /* NewPopularView.swift in Sources */ = {isa = PBXBuildFile; fileRef = B014 /* NewPopularView.swift */; };
		A015 /* SettingsView.swift in Sources */ = {isa = PBXBuildFile; fileRef = B015 /* SettingsView.swift */; };
		A016 /* UserDefaults+Extensions.swift in Sources */ = {isa = PBXBuildFile; fileRef = B016 /* UserDefaults+Extensions.swift */; };
		A017 /* CachedAsyncImage.swift in Sources */ = {isa = PBXBuildFile; fileRef = B017 /* CachedAsyncImage.swift */; };
		A018 /* ImageService.swift in Sources */ = {isa = PBXBuildFile; fileRef = B018 /* ImageService.swift */; };
		A019 /* PosterCard.swift in Sources */ = {isa = PBXBuildFile; fileRef = B019 /* PosterCard.swift */; };
		A020 /* LandscapeCard.swift in Sources */ = {isa = PBXBuildFile; fileRef = B020 /* LandscapeCard.swift */; };
		A022 /* CarouselView.swift in Sources */ = {isa = PBXBuildFile; fileRef = B022 /* CarouselView.swift */; };
		A023 /* BillboardView.swift in Sources */ = {isa = PBXBuildFile; fileRef = B023 /* BillboardView.swift */; };
		A024 /* VirtualGrid.swift in Sources */ = {isa = PBXBuildFile; fileRef = B024 /* VirtualGrid.swift */; };
		A025 /* SkeletonView.swift in Sources */ = {isa = PBXBuildFile; fileRef = B025 /* SkeletonView.swift */; };
		A027 /* ToastView.swift in Sources */ = {isa = PBXBuildFile; fileRef = B027 /* ToastView.swift */; };
		A028 /* HomeScreenData.swift in Sources */ = {isa = PBXBuildFile; fileRef = B028 /* HomeScreenData.swift */; };
		A029 /* HomeViewModel.swift in Sources */ = {isa = PBXBuildFile; fileRef = B029 /* HomeViewModel.swift */; };
		A030 /* HomeView.swift in Sources */ = {isa = PBXBuildFile; fileRef = B030 /* HomeView.swift */; };
		A031 /* Assets.xcassets in Resources */ = {isa = PBXBuildFile; fileRef = B031 /* Assets.xcassets */; };
		A032 /* BackendConfigViewModel.swift in Sources */ = {isa = PBXBuildFile; fileRef = B032 /* BackendConfigViewModel.swift */; };
		A033 /* BackendConfigView.swift in Sources */ = {isa = PBXBuildFile; fileRef = B033 /* BackendConfigView.swift */; };
		A034 /* Color+Theme.swift in Sources */ = {isa = PBXBuildFile; fileRef = B034 /* Color+Theme.swift */; };
		A035 /* DetailsView.swift in Sources */ = {isa = PBXBuildFile; fileRef = B035 /* DetailsView.swift */; };
		A036 /* PlayerView.swift in Sources */ = {isa = PBXBuildFile; fileRef = B036 /* PlayerView.swift */; };
		A037 /* DetailsViewModel.swift in Sources */ = {isa = PBXBuildFile; fileRef = B037 /* DetailsViewModel.swift */; };
		A038 /* MediaItem+Hashable.swift in Sources */ = {isa = PBXBuildFile; fileRef = B038 /* MediaItem+Hashable.swift */; };
		A039 /* DetailsTabsBar.swift in Sources */ = {isa = PBXBuildFile; fileRef = B039 /* DetailsTabsBar.swift */; };
		A040 /* SearchViewModel.swift in Sources */ = {isa = PBXBuildFile; fileRef = B040 /* SearchViewModel.swift */; };
		A041 /* PlayerViewModel.swift in Sources */ = {isa = PBXBuildFile; fileRef = B041 /* PlayerViewModel.swift */; };
		A042 /* PlexServer.swift in Sources */ = {isa = PBXBuildFile; fileRef = B042 /* PlexServer.swift */; };
		A043 /* LibraryViewModel.swift in Sources */ = {isa = PBXBuildFile; fileRef = B043 /* LibraryViewModel.swift */; };
		A044 /* LibraryFilterBarView.swift in Sources */ = {isa = PBXBuildFile; fileRef = B044 /* LibraryFilterBarView.swift */; };
		A045 /* CollectionsView.swift in Sources */ = {isa = PBXBuildFile; fileRef = B045 /* CollectionsView.swift */; };
		A046 /* WatchlistController.swift in Sources */ = {isa = PBXBuildFile; fileRef = B046 /* WatchlistController.swift */; };
		A047 /* MyListViewModel.swift in Sources */ = {isa = PBXBuildFile; fileRef = B047 /* MyListViewModel.swift */; };
		A048 /* MyListView.swift in Sources */ = {isa = PBXBuildFile; fileRef = B048 /* MyListView.swift */; };
		A049 /* WatchlistButton.swift in Sources */ = {isa = PBXBuildFile; fileRef = B049 /* WatchlistButton.swift */; };
		A050 /* MPVPlayerController.swift in Sources */ = {isa = PBXBuildFile; fileRef = B050 /* MPVPlayerController.swift */; };
		A051 /* PlayerBackend.swift in Sources */ = {isa = PBXBuildFile; fileRef = B051 /* PlayerBackend.swift */; };
		A052 /* MPVVideoView.swift in Sources */ = {isa = PBXBuildFile; fileRef = B052 /* MPVVideoView.swift */; };
		A053 /* replay10.svg in Resources */ = {isa = PBXBuildFile; fileRef = B053 /* replay10.svg */; };
		A054 /* forward10.svg in Resources */ = {isa = PBXBuildFile; fileRef = B054 /* forward10.svg */; };
		A055 /* replay10.png in Resources */ = {isa = PBXBuildFile; fileRef = B055 /* replay10.png */; };
		A056 /* forward10.png in Resources */ = {isa = PBXBuildFile; fileRef = B056 /* forward10.png */; };
		A057 /* pause.png in Resources */ = {isa = PBXBuildFile; fileRef = B057 /* pause.png */; };
		A058 /* play.png in Resources */ = {isa = PBXBuildFile; fileRef = B058 /* play.png */; };
		A059 /* next-episode.png in Resources */ = {isa = PBXBuildFile; fileRef = B059 /* next-episode.png */; };
		A060 /* episode-list.png in Resources */ = {isa = PBXBuildFile; fileRef = B060 /* episode-list.png */; };
		A061 /* fullscreen-exit.png in Resources */ = {isa = PBXBuildFile; fileRef = B061 /* fullscreen-exit.png */; };
		A062 /* fullscreen-enter.png in Resources */ = {isa = PBXBuildFile; fileRef = B062 /* fullscreen-enter.png */; };
		A063 /* playback-speed.png in Resources */ = {isa = PBXBuildFile; fileRef = B063 /* playback-speed.png */; };
		A064 /* thumbfast.lua in Resources */ = {isa = PBXBuildFile; fileRef = B064 /* thumbfast.lua */; };
		A065 /* NewPopularData.swift in Sources */ = {isa = PBXBuildFile; fileRef = B065 /* NewPopularData.swift */; };
		A066 /* NewPopularViewModel.swift in Sources */ = {isa = PBXBuildFile; fileRef = B066 /* NewPopularViewModel.swift */; };
		A067 /* NewPopularHero.swift in Sources */ = {isa = PBXBuildFile; fileRef = B067 /* NewPopularHero.swift */; };
		A085 /* TraktScrobbler.swift in Sources */ = {isa = PBXBuildFile; fileRef = B085 /* TraktScrobbler.swift */; };
		A163 /* PlexServersView.swift in Sources */ = {isa = PBXBuildFile; fileRef = B163 /* PlexServersView.swift */; };
		A164 /* ServerConnectionView.swift in Sources */ = {isa = PBXBuildFile; fileRef = B164 /* ServerConnectionView.swift */; };
		A200 /* BrowseContext.swift in Sources */ = {isa = PBXBuildFile; fileRef = B080 /* BrowseContext.swift */; };
		A201 /* BrowseModalViewModel.swift in Sources */ = {isa = PBXBuildFile; fileRef = B081 /* BrowseModalViewModel.swift */; };
		A202 /* BrowseModalView.swift in Sources */ = {isa = PBXBuildFile; fileRef = B082 /* BrowseModalView.swift */; };
		A203 /* PersonModalViewModel.swift in Sources */ = {isa = PBXBuildFile; fileRef = B083 /* PersonModalViewModel.swift */; };
		A204 /* PersonModalView.swift in Sources */ = {isa = PBXBuildFile; fileRef = B084 /* PersonModalView.swift */; };
		A205 /* TMDBSettingsView.swift in Sources */ = {isa = PBXBuildFile; fileRef = B165 /* TMDBSettingsView.swift */; };
		A206 /* MDBListSettingsView.swift in Sources */ = {isa = PBXBuildFile; fileRef = B166 /* MDBListSettingsView.swift */; };
		A207 /* OverseerrSettingsView.swift in Sources */ = {isa = PBXBuildFile; fileRef = B167 /* OverseerrSettingsView.swift */; };
		A208 /* RowsSettingsView.swift in Sources */ = {isa = PBXBuildFile; fileRef = B168 /* RowsSettingsView.swift */; };
		A209 /* CatalogSettingsView.swift in Sources */ = {isa = PBXBuildFile; fileRef = B169 /* CatalogSettingsView.swift */; };
		A210 /* MDBListRatings.swift in Sources */ = {isa = PBXBuildFile; fileRef = B170 /* MDBListRatings.swift */; };
		A211 /* OverseerrModels.swift in Sources */ = {isa = PBXBuildFile; fileRef = B171 /* OverseerrModels.swift */; };
		A212 /* MDBListService.swift in Sources */ = {isa = PBXBuildFile; fileRef = B172 /* MDBListService.swift */; };
		A213 /* OverseerrService.swift in Sources */ = {isa = PBXBuildFile; fileRef = B173 /* OverseerrService.swift */; };
		A214 /* RequestButton.swift in Sources */ = {isa = PBXBuildFile; fileRef = B174 /* RequestButton.swift */; };
		A215 /* RatingsDisplay.swift in Sources */ = {isa = PBXBuildFile; fileRef = B175 /* RatingsDisplay.swift */; };
		A216 /* ContinueWatchingSettingsView.swift in Sources */ = {isa = PBXBuildFile; fileRef = B176 /* ContinueWatchingSettingsView.swift */; };
		A217 /* HeroCarousel.swift in Sources */ = {isa = PBXBuildFile; fileRef = B177 /* HeroCarousel.swift */; };
		A218 /* ContinueWatchingLandscapeRow.swift in Sources */ = {isa = PBXBuildFile; fileRef = B178 /* ContinueWatchingLandscapeRow.swift */; };
		A219 /* ContinueWatchingPosterRow.swift in Sources */ = {isa = PBXBuildFile; fileRef = B179 /* ContinueWatchingPosterRow.swift */; };
		A220 /* PosterSectionRow.swift in Sources */ = {isa = PBXBuildFile; fileRef = B180 /* PosterSectionRow.swift */; };
		A221 /* TrailersRow.swift in Sources */ = {isa = PBXBuildFile; fileRef = B181 /* TrailersRow.swift */; };
		A222 /* TrailerModal.swift in Sources */ = {isa = PBXBuildFile; fileRef = B182 /* TrailerModal.swift */; };
		A250 /* HomeScreenAppearanceView.swift in Sources */ = {isa = PBXBuildFile; fileRef = B250 /* HomeScreenAppearanceView.swift */; };
		A251 /* DetailsScreenSettingsView.swift in Sources */ = {isa = PBXBuildFile; fileRef = B251 /* DetailsScreenSettingsView.swift */; };
		A260 /* OnboardingView.swift in Sources */ = {isa = PBXBuildFile; fileRef = B260 /* OnboardingView.swift */; };
		A300 /* ServiceIcons.swift in Sources */ = {isa = PBXBuildFile; fileRef = B300 /* ServiceIcons.swift */; };
		C8B8094D2F1CD3E0009BFDA0 /* YouTubePlayerKit in Frameworks */ = {isa = PBXBuildFile; productRef = YTPD0001 /* YouTubePlayerKit */; };
		C8B8094E2F1CD3E0009BFDA0 /* MPVKit-GPL in Frameworks */ = {isa = PBXBuildFile; productRef = MPVD0001 /* MPVKit-GPL */; };
		C8BA62692E9C5ABE00CFE44C /* NewPopularData.swift in Resources */ = {isa = PBXBuildFile; fileRef = B065 /* NewPopularData.swift */; };
		C8BA626A2E9C5ABE00CFE44C /* NewPopularViewModel.swift in Resources */ = {isa = PBXBuildFile; fileRef = B066 /* NewPopularViewModel.swift */; };
		C8BA626B2E9C5ABE00CFE44C /* NewPopularHero.swift in Resources */ = {isa = PBXBuildFile; fileRef = B067 /* NewPopularHero.swift */; };
		C8D602A42E97F7D9002C9348 /* MPVVideoLayer.swift in Sources */ = {isa = PBXBuildFile; fileRef = C8D602A32E97F7D9002C9348 /* MPVVideoLayer.swift */; };
		C8D602AE2E990765002C9348 /* BGRAImageReader.swift in Sources */ = {isa = PBXBuildFile; fileRef = C8D602AB2E990765002C9348 /* BGRAImageReader.swift */; };
		C8D602AF2E990765002C9348 /* MPVThumbnailGenerator.swift in Sources */ = {isa = PBXBuildFile; fileRef = C8D602AC2E990765002C9348 /* MPVThumbnailGenerator.swift */; };
		C8D602B02E990765002C9348 /* ThumbnailCache.swift in Sources */ = {isa = PBXBuildFile; fileRef = C8D602AD2E990765002C9348 /* ThumbnailCache.swift */; };
		C8D602B12E990765002C9348 /* ThumbnailMPVPlayer.swift in Sources */ = {isa = PBXBuildFile; fileRef = C8D602B22E990765002C9348 /* ThumbnailMPVPlayer.swift */; };
		D593D818FCF559C1912E8893 /* ServerEndpointFlowView.swift in Sources */ = {isa = PBXBuildFile; fileRef = F85A04CB3691DE34BF4E4666 /* ServerEndpointFlowView.swift */; };
		FKBF0001 /* FlixorKit in Frameworks */ = {isa = PBXBuildFile; productRef = FKPD0001 /* FlixorKit */; };
		MPVMETAL001 /* MPVMetalLayer.swift in Sources */ = {isa = PBXBuildFile; fileRef = MPVMETAL002 /* MPVMetalLayer.swift */; };
/* End PBXBuildFile section */

/* Begin PBXFileReference section */
		234624854A3AE7BEDC53EB9A /* MpvConfigModels.swift */ = {isa = PBXFileReference; includeInIndex = 1; lastKnownFileType = sourcecode.swift; name = MpvConfigModels.swift; path = MpvConfigModels.swift; sourceTree = "<group>"; };
		28F2733407E54826B6E93AC2 /* subtitles.png */ = {isa = PBXFileReference; lastKnownFileType = image.png; path = subtitles.png; sourceTree = "<group>"; };
		35363AC57105CBFEA1D47480 /* PerformanceOverlayView.swift */ = {isa = PBXFileReference; includeInIndex = 1; lastKnownFileType = sourcecode.swift; path = PerformanceOverlayView.swift; sourceTree = "<group>"; };
		7CB1C29CA6CFB52E468383D8 /* PerformanceStats.swift */ = {isa = PBXFileReference; includeInIndex = 1; lastKnownFileType = sourcecode.swift; path = PerformanceStats.swift; sourceTree = "<group>"; };
		9911C3B9537F9629E5086F4A /* PlayerSettingsView.swift */ = {isa = PBXFileReference; includeInIndex = 1; lastKnownFileType = sourcecode.swift; name = PlayerSettingsView.swift; path = PlayerSettingsView.swift; sourceTree = "<group>"; };
		B001 /* FlixorMacApp.swift */ = {isa = PBXFileReference; lastKnownFileType = sourcecode.swift; path = FlixorMacApp.swift; sourceTree = "<group>"; };
		B002 /* RootView.swift */ = {isa = PBXFileReference; lastKnownFileType = sourcecode.swift; path = RootView.swift; sourceTree = "<group>"; };
		B003 /* SidebarView.swift */ = {isa = PBXFileReference; lastKnownFileType = sourcecode.swift; path = SidebarView.swift; sourceTree = "<group>"; };
		B004 /* User.swift */ = {isa = PBXFileReference; lastKnownFileType = sourcecode.swift; path = User.swift; sourceTree = "<group>"; };
		B005 /* APIError.swift */ = {isa = PBXFileReference; lastKnownFileType = sourcecode.swift; path = APIError.swift; sourceTree = "<group>"; };
		B006 /* APIClient.swift */ = {isa = PBXFileReference; lastKnownFileType = sourcecode.swift; path = APIClient.swift; sourceTree = "<group>"; };
		B007 /* KeychainHelper.swift */ = {isa = PBXFileReference; lastKnownFileType = sourcecode.swift; path = KeychainHelper.swift; sourceTree = "<group>"; };
		B008 /* SessionManager.swift */ = {isa = PBXFileReference; lastKnownFileType = sourcecode.swift; path = SessionManager.swift; sourceTree = "<group>"; };
		B009 /* PlexAuthView.swift */ = {isa = PBXFileReference; lastKnownFileType = sourcecode.swift; path = PlexAuthView.swift; sourceTree = "<group>"; };
		B010 /* PlexAuthViewModel.swift */ = {isa = PBXFileReference; lastKnownFileType = sourcecode.swift; path = PlexAuthViewModel.swift; sourceTree = "<group>"; };
		B011 /* SearchView.swift */ = {isa = PBXFileReference; lastKnownFileType = sourcecode.swift; path = SearchView.swift; sourceTree = "<group>"; };
		B012 /* LibraryView.swift */ = {isa = PBXFileReference; lastKnownFileType = sourcecode.swift; path = LibraryView.swift; sourceTree = "<group>"; };
		B014 /* NewPopularView.swift */ = {isa = PBXFileReference; lastKnownFileType = sourcecode.swift; path = NewPopularView.swift; sourceTree = "<group>"; };
		B015 /* SettingsView.swift */ = {isa = PBXFileReference; lastKnownFileType = sourcecode.swift; path = SettingsView.swift; sourceTree = "<group>"; };
		B016 /* UserDefaults+Extensions.swift */ = {isa = PBXFileReference; lastKnownFileType = sourcecode.swift; path = "UserDefaults+Extensions.swift"; sourceTree = "<group>"; };
		B017 /* CachedAsyncImage.swift */ = {isa = PBXFileReference; lastKnownFileType = sourcecode.swift; path = CachedAsyncImage.swift; sourceTree = "<group>"; };
		B018 /* ImageService.swift */ = {isa = PBXFileReference; lastKnownFileType = sourcecode.swift; path = ImageService.swift; sourceTree = "<group>"; };
		B019 /* PosterCard.swift */ = {isa = PBXFileReference; lastKnownFileType = sourcecode.swift; path = PosterCard.swift; sourceTree = "<group>"; };
		B020 /* LandscapeCard.swift */ = {isa = PBXFileReference; lastKnownFileType = sourcecode.swift; path = LandscapeCard.swift; sourceTree = "<group>"; };
		B022 /* CarouselView.swift */ = {isa = PBXFileReference; lastKnownFileType = sourcecode.swift; path = CarouselView.swift; sourceTree = "<group>"; };
		B023 /* BillboardView.swift */ = {isa = PBXFileReference; lastKnownFileType = sourcecode.swift; path = BillboardView.swift; sourceTree = "<group>"; };
		B024 /* VirtualGrid.swift */ = {isa = PBXFileReference; lastKnownFileType = sourcecode.swift; path = VirtualGrid.swift; sourceTree = "<group>"; };
		B025 /* SkeletonView.swift */ = {isa = PBXFileReference; lastKnownFileType = sourcecode.swift; path = SkeletonView.swift; sourceTree = "<group>"; };
		B027 /* ToastView.swift */ = {isa = PBXFileReference; lastKnownFileType = sourcecode.swift; path = ToastView.swift; sourceTree = "<group>"; };
		B028 /* HomeScreenData.swift */ = {isa = PBXFileReference; lastKnownFileType = sourcecode.swift; path = HomeScreenData.swift; sourceTree = "<group>"; };
		B029 /* HomeViewModel.swift */ = {isa = PBXFileReference; lastKnownFileType = sourcecode.swift; path = HomeViewModel.swift; sourceTree = "<group>"; };
		B030 /* HomeView.swift */ = {isa = PBXFileReference; lastKnownFileType = sourcecode.swift; path = HomeView.swift; sourceTree = "<group>"; };
		B031 /* Assets.xcassets */ = {isa = PBXFileReference; lastKnownFileType = folder.assetcatalog; path = Assets.xcassets; sourceTree = "<group>"; };
		B032 /* BackendConfigViewModel.swift */ = {isa = PBXFileReference; lastKnownFileType = sourcecode.swift; path = BackendConfigViewModel.swift; sourceTree = "<group>"; };
		B033 /* BackendConfigView.swift */ = {isa = PBXFileReference; lastKnownFileType = sourcecode.swift; path = BackendConfigView.swift; sourceTree = "<group>"; };
		B034 /* Color+Theme.swift */ = {isa = PBXFileReference; lastKnownFileType = sourcecode.swift; path = "Color+Theme.swift"; sourceTree = "<group>"; };
		B035 /* DetailsView.swift */ = {isa = PBXFileReference; lastKnownFileType = sourcecode.swift; path = DetailsView.swift; sourceTree = "<group>"; };
		B036 /* PlayerView.swift */ = {isa = PBXFileReference; lastKnownFileType = sourcecode.swift; path = PlayerView.swift; sourceTree = "<group>"; };
		B037 /* DetailsViewModel.swift */ = {isa = PBXFileReference; lastKnownFileType = sourcecode.swift; path = DetailsViewModel.swift; sourceTree = "<group>"; };
		B038 /* MediaItem+Hashable.swift */ = {isa = PBXFileReference; lastKnownFileType = sourcecode.swift; path = "MediaItem+Hashable.swift"; sourceTree = "<group>"; };
		B039 /* DetailsTabsBar.swift */ = {isa = PBXFileReference; lastKnownFileType = sourcecode.swift; path = DetailsTabsBar.swift; sourceTree = "<group>"; };
		B040 /* SearchViewModel.swift */ = {isa = PBXFileReference; lastKnownFileType = sourcecode.swift; path = SearchViewModel.swift; sourceTree = "<group>"; };
		B041 /* PlayerViewModel.swift */ = {isa = PBXFileReference; lastKnownFileType = sourcecode.swift; path = PlayerViewModel.swift; sourceTree = "<group>"; };
		B042 /* PlexServer.swift */ = {isa = PBXFileReference; lastKnownFileType = sourcecode.swift; path = PlexServer.swift; sourceTree = "<group>"; };
		B043 /* LibraryViewModel.swift */ = {isa = PBXFileReference; lastKnownFileType = sourcecode.swift; path = LibraryViewModel.swift; sourceTree = "<group>"; };
		B044 /* LibraryFilterBarView.swift */ = {isa = PBXFileReference; lastKnownFileType = sourcecode.swift; path = LibraryFilterBarView.swift; sourceTree = "<group>"; };
		B045 /* CollectionsView.swift */ = {isa = PBXFileReference; lastKnownFileType = sourcecode.swift; path = CollectionsView.swift; sourceTree = "<group>"; };
		B046 /* WatchlistController.swift */ = {isa = PBXFileReference; lastKnownFileType = sourcecode.swift; path = WatchlistController.swift; sourceTree = "<group>"; };
		B047 /* MyListViewModel.swift */ = {isa = PBXFileReference; lastKnownFileType = sourcecode.swift; path = MyListViewModel.swift; sourceTree = "<group>"; };
		B048 /* MyListView.swift */ = {isa = PBXFileReference; lastKnownFileType = sourcecode.swift; path = MyListView.swift; sourceTree = "<group>"; };
		B049 /* WatchlistButton.swift */ = {isa = PBXFileReference; lastKnownFileType = sourcecode.swift; path = WatchlistButton.swift; sourceTree = "<group>"; };
		B050 /* MPVPlayerController.swift */ = {isa = PBXFileReference; lastKnownFileType = sourcecode.swift; path = MPVPlayerController.swift; sourceTree = "<group>"; };
		B051 /* PlayerBackend.swift */ = {isa = PBXFileReference; lastKnownFileType = sourcecode.swift; path = PlayerBackend.swift; sourceTree = "<group>"; };
		B052 /* MPVVideoView.swift */ = {isa = PBXFileReference; lastKnownFileType = sourcecode.swift; path = MPVVideoView.swift; sourceTree = "<group>"; };
		B053 /* replay10.svg */ = {isa = PBXFileReference; lastKnownFileType = text.xml; path = replay10.svg; sourceTree = "<group>"; };
		B054 /* forward10.svg */ = {isa = PBXFileReference; lastKnownFileType = text.xml; path = forward10.svg; sourceTree = "<group>"; };
		B055 /* replay10.png */ = {isa = PBXFileReference; lastKnownFileType = image.png; path = replay10.png; sourceTree = "<group>"; };
		B056 /* forward10.png */ = {isa = PBXFileReference; lastKnownFileType = image.png; path = forward10.png; sourceTree = "<group>"; };
		B057 /* pause.png */ = {isa = PBXFileReference; lastKnownFileType = image.png; path = pause.png; sourceTree = "<group>"; };
		B058 /* play.png */ = {isa = PBXFileReference; lastKnownFileType = image.png; path = play.png; sourceTree = "<group>"; };
		B059 /* next-episode.png */ = {isa = PBXFileReference; lastKnownFileType = image.png; path = "next-episode.png"; sourceTree = "<group>"; };
		B060 /* episode-list.png */ = {isa = PBXFileReference; lastKnownFileType = image.png; path = "episode-list.png"; sourceTree = "<group>"; };
		B061 /* fullscreen-exit.png */ = {isa = PBXFileReference; lastKnownFileType = image.png; path = "fullscreen-exit.png"; sourceTree = "<group>"; };
		B062 /* fullscreen-enter.png */ = {isa = PBXFileReference; lastKnownFileType = image.png; path = "fullscreen-enter.png"; sourceTree = "<group>"; };
		B063 /* playback-speed.png */ = {isa = PBXFileReference; lastKnownFileType = image.png; path = "playback-speed.png"; sourceTree = "<group>"; };
		B064 /* thumbfast.lua */ = {isa = PBXFileReference; lastKnownFileType = text.script.lua; path = thumbfast.lua; sourceTree = "<group>"; };
		B065 /* NewPopularData.swift */ = {isa = PBXFileReference; lastKnownFileType = sourcecode.swift; path = NewPopularData.swift; sourceTree = "<group>"; };
		B066 /* NewPopularViewModel.swift */ = {isa = PBXFileReference; lastKnownFileType = sourcecode.swift; path = NewPopularViewModel.swift; sourceTree = "<group>"; };
		B067 /* NewPopularHero.swift */ = {isa = PBXFileReference; lastKnownFileType = sourcecode.swift; path = NewPopularHero.swift; sourceTree = "<group>"; };
		B080 /* BrowseContext.swift */ = {isa = PBXFileReference; lastKnownFileType = sourcecode.swift; path = BrowseContext.swift; sourceTree = "<group>"; };
		B081 /* BrowseModalViewModel.swift */ = {isa = PBXFileReference; lastKnownFileType = sourcecode.swift; path = BrowseModalViewModel.swift; sourceTree = "<group>"; };
		B082 /* BrowseModalView.swift */ = {isa = PBXFileReference; lastKnownFileType = sourcecode.swift; path = BrowseModalView.swift; sourceTree = "<group>"; };
		B083 /* PersonModalViewModel.swift */ = {isa = PBXFileReference; lastKnownFileType = sourcecode.swift; path = PersonModalViewModel.swift; sourceTree = "<group>"; };
		B084 /* PersonModalView.swift */ = {isa = PBXFileReference; lastKnownFileType = sourcecode.swift; path = PersonModalView.swift; sourceTree = "<group>"; };
		B085 /* TraktScrobbler.swift */ = {isa = PBXFileReference; lastKnownFileType = sourcecode.swift; path = TraktScrobbler.swift; sourceTree = "<group>"; };
		B163 /* PlexServersView.swift */ = {isa = PBXFileReference; lastKnownFileType = sourcecode.swift; path = PlexServersView.swift; sourceTree = "<group>"; };
		B164 /* ServerConnectionView.swift */ = {isa = PBXFileReference; lastKnownFileType = sourcecode.swift; path = ServerConnectionView.swift; sourceTree = "<group>"; };
		B165 /* TMDBSettingsView.swift */ = {isa = PBXFileReference; lastKnownFileType = sourcecode.swift; path = TMDBSettingsView.swift; sourceTree = "<group>"; };
		B166 /* MDBListSettingsView.swift */ = {isa = PBXFileReference; lastKnownFileType = sourcecode.swift; path = MDBListSettingsView.swift; sourceTree = "<group>"; };
		B167 /* OverseerrSettingsView.swift */ = {isa = PBXFileReference; lastKnownFileType = sourcecode.swift; path = OverseerrSettingsView.swift; sourceTree = "<group>"; };
		B168 /* RowsSettingsView.swift */ = {isa = PBXFileReference; lastKnownFileType = sourcecode.swift; path = RowsSettingsView.swift; sourceTree = "<group>"; };
		B169 /* CatalogSettingsView.swift */ = {isa = PBXFileReference; lastKnownFileType = sourcecode.swift; path = CatalogSettingsView.swift; sourceTree = "<group>"; };
		B170 /* MDBListRatings.swift */ = {isa = PBXFileReference; lastKnownFileType = sourcecode.swift; path = MDBListRatings.swift; sourceTree = "<group>"; };
		B171 /* OverseerrModels.swift */ = {isa = PBXFileReference; lastKnownFileType = sourcecode.swift; path = OverseerrModels.swift; sourceTree = "<group>"; };
		B172 /* MDBListService.swift */ = {isa = PBXFileReference; lastKnownFileType = sourcecode.swift; path = MDBListService.swift; sourceTree = "<group>"; };
		B173 /* OverseerrService.swift */ = {isa = PBXFileReference; lastKnownFileType = sourcecode.swift; path = OverseerrService.swift; sourceTree = "<group>"; };
		B174 /* RequestButton.swift */ = {isa = PBXFileReference; lastKnownFileType = sourcecode.swift; path = RequestButton.swift; sourceTree = "<group>"; };
		B175 /* RatingsDisplay.swift */ = {isa = PBXFileReference; lastKnownFileType = sourcecode.swift; path = RatingsDisplay.swift; sourceTree = "<group>"; };
		B176 /* ContinueWatchingSettingsView.swift */ = {isa = PBXFileReference; lastKnownFileType = sourcecode.swift; path = ContinueWatchingSettingsView.swift; sourceTree = "<group>"; };
		B177 /* HeroCarousel.swift */ = {isa = PBXFileReference; lastKnownFileType = sourcecode.swift; path = HeroCarousel.swift; sourceTree = "<group>"; };
		B178 /* ContinueWatchingLandscapeRow.swift */ = {isa = PBXFileReference; lastKnownFileType = sourcecode.swift; path = ContinueWatchingLandscapeRow.swift; sourceTree = "<group>"; };
		B179 /* ContinueWatchingPosterRow.swift */ = {isa = PBXFileReference; lastKnownFileType = sourcecode.swift; path = ContinueWatchingPosterRow.swift; sourceTree = "<group>"; };
		B180 /* PosterSectionRow.swift */ = {isa = PBXFileReference; lastKnownFileType = sourcecode.swift; path = PosterSectionRow.swift; sourceTree = "<group>"; };
		B181 /* TrailersRow.swift */ = {isa = PBXFileReference; lastKnownFileType = sourcecode.swift; path = TrailersRow.swift; sourceTree = "<group>"; };
		B182 /* TrailerModal.swift */ = {isa = PBXFileReference; lastKnownFileType = sourcecode.swift; path = TrailerModal.swift; sourceTree = "<group>"; };
		B250 /* HomeScreenAppearanceView.swift */ = {isa = PBXFileReference; lastKnownFileType = sourcecode.swift; path = HomeScreenAppearanceView.swift; sourceTree = "<group>"; };
		B251 /* DetailsScreenSettingsView.swift */ = {isa = PBXFileReference; lastKnownFileType = sourcecode.swift; path = DetailsScreenSettingsView.swift; sourceTree = "<group>"; };
		B260 /* OnboardingView.swift */ = {isa = PBXFileReference; lastKnownFileType = sourcecode.swift; path = OnboardingView.swift; sourceTree = "<group>"; };
		B300 /* ServiceIcons.swift */ = {isa = PBXFileReference; lastKnownFileType = sourcecode.swift; path = ServiceIcons.swift; sourceTree = "<group>"; };
		B999 /* FlixorMac.app */ = {isa = PBXFileReference; explicitFileType = wrapper.application; includeInIndex = 0; path = FlixorMac.app; sourceTree = BUILT_PRODUCTS_DIR; };
		C8D602A32E97F7D9002C9348 /* MPVVideoLayer.swift */ = {isa = PBXFileReference; lastKnownFileType = sourcecode.swift; path = MPVVideoLayer.swift; sourceTree = "<group>"; };
		C8D602AB2E990765002C9348 /* BGRAImageReader.swift */ = {isa = PBXFileReference; lastKnownFileType = sourcecode.swift; path = BGRAImageReader.swift; sourceTree = "<group>"; };
		C8D602AC2E990765002C9348 /* MPVThumbnailGenerator.swift */ = {isa = PBXFileReference; lastKnownFileType = sourcecode.swift; path = MPVThumbnailGenerator.swift; sourceTree = "<group>"; };
		C8D602AD2E990765002C9348 /* ThumbnailCache.swift */ = {isa = PBXFileReference; lastKnownFileType = sourcecode.swift; path = ThumbnailCache.swift; sourceTree = "<group>"; };
		C8D602B22E990765002C9348 /* ThumbnailMPVPlayer.swift */ = {isa = PBXFileReference; lastKnownFileType = sourcecode.swift; path = ThumbnailMPVPlayer.swift; sourceTree = "<group>"; };
		D160AC63894645548212EEF0 /* back-arrow.png */ = {isa = PBXFileReference; lastKnownFileType = image.png; path = "back-arrow.png"; sourceTree = "<group>"; };
		DB41AA1177EF05D19E278916 /* ServerSelectView.swift */ = {isa = PBXFileReference; includeInIndex = 1; lastKnownFileType = sourcecode.swift; path = ServerSelectView.swift; sourceTree = "<group>"; };
		DC5CC48F0840B10DB094145A /* MpvConfigView.swift */ = {isa = PBXFileReference; includeInIndex = 1; lastKnownFileType = sourcecode.swift; name = MpvConfigView.swift; path = MpvConfigView.swift; sourceTree = "<group>"; };
		F156FB11282DDE8678B19A78 /* EndpointSelectView.swift */ = {isa = PBXFileReference; includeInIndex = 1; lastKnownFileType = sourcecode.swift; path = EndpointSelectView.swift; sourceTree = "<group>"; };
		F5602C0E02D02A79ABE8837A /* TrackPreferenceService.swift */ = {isa = PBXFileReference; includeInIndex = 1; lastKnownFileType = sourcecode.swift; name = TrackPreferenceService.swift; path = TrackPreferenceService.swift; sourceTree = "<group>"; };
		F85A04CB3691DE34BF4E4666 /* ServerEndpointFlowView.swift */ = {isa = PBXFileReference; includeInIndex = 1; lastKnownFileType = sourcecode.swift; path = ServerEndpointFlowView.swift; sourceTree = "<group>"; };
		MPVMETAL002 /* MPVMetalLayer.swift */ = {isa = PBXFileReference; lastKnownFileType = sourcecode.swift; path = MPVMetalLayer.swift; sourceTree = "<group>"; };
/* End PBXFileReference section */

/* Begin PBXFrameworksBuildPhase section */
		C001 /* Frameworks */ = {
			isa = PBXFrameworksBuildPhase;
			buildActionMask = 2147483647;
			files = (
				C8B8094E2F1CD3E0009BFDA0 /* MPVKit-GPL in Frameworks */,
				C8B8094D2F1CD3E0009BFDA0 /* YouTubePlayerKit in Frameworks */,
				FKBF0001 /* FlixorKit in Frameworks */,
			);
			runOnlyForDeploymentPostprocessing = 0;
		};
/* End PBXFrameworksBuildPhase section */

/* Begin PBXGroup section */
		C8D602AA2E990749002C9348 /* Thumbnail */ = {
			isa = PBXGroup;
			children = (
				C8D602AB2E990765002C9348 /* BGRAImageReader.swift */,
				C8D602AC2E990765002C9348 /* MPVThumbnailGenerator.swift */,
				C8D602AD2E990765002C9348 /* ThumbnailCache.swift */,
				C8D602B22E990765002C9348 /* ThumbnailMPVPlayer.swift */,
			);
			path = Thumbnail;
			sourceTree = "<group>";
		};
		D001 = {
			isa = PBXGroup;
			children = (
				D002 /* FlixorMac */,
				D099 /* Products */,
			);
			sourceTree = "<group>";
		};
		D002 /* FlixorMac */ = {
			isa = PBXGroup;
			children = (
				D003 /* App */,
				D004 /* Models */,
				D005 /* Views */,
				D006 /* ViewModels */,
				D007 /* Services */,
				D008 /* Extensions */,
				D100 /* Resources */,
				B031 /* Assets.xcassets */,
			);
			path = FlixorMac;
			sourceTree = "<group>";
		};
		D003 /* App */ = {
			isa = PBXGroup;
			children = (
				B001 /* FlixorMacApp.swift */,
				B002 /* RootView.swift */,
			);
			path = App;
			sourceTree = "<group>";
		};
		D004 /* Models */ = {
			isa = PBXGroup;
			children = (
				B004 /* User.swift */,
				B005 /* APIError.swift */,
				B028 /* HomeScreenData.swift */,
				B080 /* BrowseContext.swift */,
				B065 /* NewPopularData.swift */,
				B042 /* PlexServer.swift */,
				B051 /* PlayerBackend.swift */,
				B170 /* MDBListRatings.swift */,
				B171 /* OverseerrModels.swift */,
				7CB1C29CA6CFB52E468383D8 /* PerformanceStats.swift */,
				234624854A3AE7BEDC53EB9A /* MpvConfigModels.swift */,
			);
			path = Models;
			sourceTree = "<group>";
		};
		D005 /* Views */ = {
			isa = PBXGroup;
			children = (
				D010 /* Auth */,
				D011 /* Components */,
				D012 /* Home */,
				D013 /* Library */,
				D020 /* MyList */,
				D023 /* Onboarding */,
				D014 /* Search */,
				D015 /* Settings */,
				D018 /* Details */,
				D019 /* Player */,
			);
			path = Views;
			sourceTree = "<group>";
		};
		D006 /* ViewModels */ = {
			isa = PBXGroup;
			children = (
				B010 /* PlexAuthViewModel.swift */,
				B032 /* BackendConfigViewModel.swift */,
				B029 /* HomeViewModel.swift */,
				B081 /* BrowseModalViewModel.swift */,
				B083 /* PersonModalViewModel.swift */,
				B037 /* DetailsViewModel.swift */,
				B040 /* SearchViewModel.swift */,
				B041 /* PlayerViewModel.swift */,
				B043 /* LibraryViewModel.swift */,
				B047 /* MyListViewModel.swift */,
				B066 /* NewPopularViewModel.swift */,
				B046 /* WatchlistController.swift */,
			);
			path = ViewModels;
			sourceTree = "<group>";
		};
		D007 /* Services */ = {
			isa = PBXGroup;
			children = (
				C8D602AA2E990749002C9348 /* Thumbnail */,
				D016 /* API */,
				D017 /* Auth */,
				D021 /* MDBList */,
				D022 /* Overseerr */,
				B085 /* TraktScrobbler.swift */,
				F5602C0E02D02A79ABE8837A /* TrackPreferenceService.swift */,
			);
			path = Services;
			sourceTree = "<group>";
		};
		D008 /* Extensions */ = {
			isa = PBXGroup;
			children = (
				B016 /* UserDefaults+Extensions.swift */,
				B034 /* Color+Theme.swift */,
				B038 /* MediaItem+Hashable.swift */,
			);
			path = Extensions;
			sourceTree = "<group>";
		};
		D010 /* Auth */ = {
			isa = PBXGroup;
			children = (
				B033 /* BackendConfigView.swift */,
				B009 /* PlexAuthView.swift */,
			);
			path = Auth;
			sourceTree = "<group>";
		};
		D011 /* Components */ = {
			isa = PBXGroup;
			children = (
				D300 /* Icons */,
				B003 /* SidebarView.swift */,
				B014 /* NewPopularView.swift */,
				B017 /* CachedAsyncImage.swift */,
				B019 /* PosterCard.swift */,
				B020 /* LandscapeCard.swift */,
				B022 /* CarouselView.swift */,
				B082 /* BrowseModalView.swift */,
				B084 /* PersonModalView.swift */,
				B023 /* BillboardView.swift */,
				B067 /* NewPopularHero.swift */,
				B024 /* VirtualGrid.swift */,
				B025 /* SkeletonView.swift */,
				B027 /* ToastView.swift */,
				B044 /* LibraryFilterBarView.swift */,
				B049 /* WatchlistButton.swift */,
				B174 /* RequestButton.swift */,
				B175 /* RatingsDisplay.swift */,
				B177 /* HeroCarousel.swift */,
				B178 /* ContinueWatchingLandscapeRow.swift */,
				B179 /* ContinueWatchingPosterRow.swift */,
				B180 /* PosterSectionRow.swift */,
				B181 /* TrailersRow.swift */,
				B182 /* TrailerModal.swift */,
			);
			path = Components;
			sourceTree = "<group>";
		};
		D012 /* Home */ = {
			isa = PBXGroup;
			children = (
				B030 /* HomeView.swift */,
			);
			path = Home;
			sourceTree = "<group>";
		};
		D013 /* Library */ = {
			isa = PBXGroup;
			children = (
				B012 /* LibraryView.swift */,
				B045 /* CollectionsView.swift */,
			);
			path = Library;
			sourceTree = "<group>";
		};
		D014 /* Search */ = {
			isa = PBXGroup;
			children = (
				B011 /* SearchView.swift */,
			);
			path = Search;
			sourceTree = "<group>";
		};
		D015 /* Settings */ = {
			isa = PBXGroup;
			children = (
				B015 /* SettingsView.swift */,
				B163 /* PlexServersView.swift */,
				B164 /* ServerConnectionView.swift */,
				B165 /* TMDBSettingsView.swift */,
				B166 /* MDBListSettingsView.swift */,
				B167 /* OverseerrSettingsView.swift */,
				B168 /* RowsSettingsView.swift */,
				B250 /* HomeScreenAppearanceView.swift */,
				B251 /* DetailsScreenSettingsView.swift */,
				B169 /* CatalogSettingsView.swift */,
				B176 /* ContinueWatchingSettingsView.swift */,
				9911C3B9537F9629E5086F4A /* PlayerSettingsView.swift */,
				DC5CC48F0840B10DB094145A /* MpvConfigView.swift */,
			);
			path = Settings;
			sourceTree = "<group>";
		};
		D016 /* API */ = {
			isa = PBXGroup;
			children = (
				B006 /* APIClient.swift */,
				B018 /* ImageService.swift */,
				B050 /* MPVPlayerController.swift */,
			);
			path = API;
			sourceTree = "<group>";
		};
		D017 /* Auth */ = {
			isa = PBXGroup;
			children = (
				B007 /* KeychainHelper.swift */,
				B008 /* SessionManager.swift */,
			);
			path = Auth;
			sourceTree = "<group>";
		};
		D018 /* Details */ = {
			isa = PBXGroup;
			children = (
				B035 /* DetailsView.swift */,
				B039 /* DetailsTabsBar.swift */,
			);
			path = Details;
			sourceTree = "<group>";
		};
		D019 /* Player */ = {
			isa = PBXGroup;
			children = (
				C8D602A32E97F7D9002C9348 /* MPVVideoLayer.swift */,
				MPVMETAL002 /* MPVMetalLayer.swift */,
				B036 /* PlayerView.swift */,
				B052 /* MPVVideoView.swift */,
				35363AC57105CBFEA1D47480 /* PerformanceOverlayView.swift */,
			);
			path = Player;
			sourceTree = "<group>";
		};
		D020 /* MyList */ = {
			isa = PBXGroup;
			children = (
				B048 /* MyListView.swift */,
			);
			path = MyList;
			sourceTree = "<group>";
		};
		D021 /* MDBList */ = {
			isa = PBXGroup;
			children = (
				B172 /* MDBListService.swift */,
			);
			path = MDBList;
			sourceTree = "<group>";
		};
		D022 /* Overseerr */ = {
			isa = PBXGroup;
			children = (
				B173 /* OverseerrService.swift */,
			);
			path = Overseerr;
			sourceTree = "<group>";
		};
		D023 /* Onboarding */ = {
			isa = PBXGroup;
			children = (
				B260 /* OnboardingView.swift */,
				DB41AA1177EF05D19E278916 /* ServerSelectView.swift */,
				F156FB11282DDE8678B19A78 /* EndpointSelectView.swift */,
				F85A04CB3691DE34BF4E4666 /* ServerEndpointFlowView.swift */,
			);
			path = Onboarding;
			sourceTree = "<group>";
		};
		D099 /* Products */ = {
			isa = PBXGroup;
			children = (
				B999 /* FlixorMac.app */,
			);
			name = Products;
			sourceTree = "<group>";
		};
		D100 /* Resources */ = {
			isa = PBXGroup;
			children = (
				B053 /* replay10.svg */,
				B054 /* forward10.svg */,
				B055 /* replay10.png */,
				B056 /* forward10.png */,
				B057 /* pause.png */,
				B058 /* play.png */,
				B059 /* next-episode.png */,
				B060 /* episode-list.png */,
				B061 /* fullscreen-exit.png */,
				B062 /* fullscreen-enter.png */,
				B063 /* playback-speed.png */,
				B064 /* thumbfast.lua */,
				D160AC63894645548212EEF0 /* back-arrow.png */,
				28F2733407E54826B6E93AC2 /* subtitles.png */,
			);
			path = Resources;
			sourceTree = "<group>";
		};
		D300 /* Icons */ = {
			isa = PBXGroup;
			children = (
				B300 /* ServiceIcons.swift */,
			);
			path = Icons;
			sourceTree = "<group>";
		};
/* End PBXGroup section */

/* Begin PBXNativeTarget section */
		E001 /* FlixorMac */ = {
			isa = PBXNativeTarget;
			buildConfigurationList = F001 /* Build configuration list for PBXNativeTarget "FlixorMac" */;
			buildPhases = (
				E002 /* Sources */,
				C001 /* Frameworks */,
				E003 /* Resources */,
			);
			buildRules = (
			);
			dependencies = (
			);
			name = FlixorMac;
			packageProductDependencies = (
				FKPD0001 /* FlixorKit */,
				YTPD0001 /* YouTubePlayerKit */,
				MPVD0001 /* MPVKit-GPL */,
			);
			productName = FlixorMac;
			productReference = B999 /* FlixorMac.app */;
			productType = "com.apple.product-type.application";
		};
/* End PBXNativeTarget section */

/* Begin PBXProject section */
		G001 /* Project object */ = {
			isa = PBXProject;
			attributes = {
				BuildIndependentTargetsInParallel = 1;
				LastSwiftUpdateCheck = 1500;
				LastUpgradeCheck = 1500;
				TargetAttributes = {
					E001 = {
						CreatedOnToolsVersion = 15.0;
					};
				};
			};
			buildConfigurationList = F002 /* Build configuration list for PBXProject "FlixorMac" */;
			compatibilityVersion = "Xcode 14.0";
			developmentRegion = en;
			hasScannedForEncodings = 0;
			knownRegions = (
				en,
				Base,
			);
			mainGroup = D001;
			packageReferences = (
				FKPR0001 /* XCLocalSwiftPackageReference "FlixorKit" */,
				YTPK0001 /* XCRemoteSwiftPackageReference "YouTubePlayerKit" */,
				MPVK0001 /* XCRemoteSwiftPackageReference "MPVKit" */,
			);
			productRefGroup = D099 /* Products */;
			projectDirPath = "";
			projectRoot = "";
			targets = (
				E001 /* FlixorMac */,
			);
		};
/* End PBXProject section */

/* Begin PBXResourcesBuildPhase section */
		E003 /* Resources */ = {
			isa = PBXResourcesBuildPhase;
			buildActionMask = 2147483647;
			files = (
				A031 /* Assets.xcassets in Resources */,
				A053 /* replay10.svg in Resources */,
				A054 /* forward10.svg in Resources */,
				A055 /* replay10.png in Resources */,
				A056 /* forward10.png in Resources */,
				A057 /* pause.png in Resources */,
				A058 /* play.png in Resources */,
				A059 /* next-episode.png in Resources */,
				A060 /* episode-list.png in Resources */,
				A061 /* fullscreen-exit.png in Resources */,
				A062 /* fullscreen-enter.png in Resources */,
				A063 /* playback-speed.png in Resources */,
				A064 /* thumbfast.lua in Resources */,
				C8BA62692E9C5ABE00CFE44C /* NewPopularData.swift in Resources */,
				C8BA626A2E9C5ABE00CFE44C /* NewPopularViewModel.swift in Resources */,
				C8BA626B2E9C5ABE00CFE44C /* NewPopularHero.swift in Resources */,
				8F8A4EEF11F94AB2B11AD777 /* back-arrow.png in Resources */,
				4E24577161EC49F795708746 /* subtitles.png in Resources */,
			);
			runOnlyForDeploymentPostprocessing = 0;
		};
/* End PBXResourcesBuildPhase section */

/* Begin PBXSourcesBuildPhase section */
		E002 /* Sources */ = {
			isa = PBXSourcesBuildPhase;
			buildActionMask = 2147483647;
			files = (
				A001 /* FlixorMacApp.swift in Sources */,
				A002 /* RootView.swift in Sources */,
				A003 /* SidebarView.swift in Sources */,
				A004 /* User.swift in Sources */,
				A005 /* APIError.swift in Sources */,
				C8D602AE2E990765002C9348 /* BGRAImageReader.swift in Sources */,
				C8D602AF2E990765002C9348 /* MPVThumbnailGenerator.swift in Sources */,
				C8D602B02E990765002C9348 /* ThumbnailCache.swift in Sources */,
				C8D602B12E990765002C9348 /* ThumbnailMPVPlayer.swift in Sources */,
				A006 /* APIClient.swift in Sources */,
				A007 /* KeychainHelper.swift in Sources */,
				A008 /* SessionManager.swift in Sources */,
				A009 /* PlexAuthView.swift in Sources */,
				A010 /* PlexAuthViewModel.swift in Sources */,
				A011 /* SearchView.swift in Sources */,
				A012 /* LibraryView.swift in Sources */,
				A014 /* NewPopularView.swift in Sources */,
				A015 /* SettingsView.swift in Sources */,
				A163 /* PlexServersView.swift in Sources */,
				A164 /* ServerConnectionView.swift in Sources */,
				A016 /* UserDefaults+Extensions.swift in Sources */,
				A017 /* CachedAsyncImage.swift in Sources */,
				A018 /* ImageService.swift in Sources */,
				A019 /* PosterCard.swift in Sources */,
				A020 /* LandscapeCard.swift in Sources */,
				A022 /* CarouselView.swift in Sources */,
				A202 /* BrowseModalView.swift in Sources */,
				A023 /* BillboardView.swift in Sources */,
				A024 /* VirtualGrid.swift in Sources */,
				A025 /* SkeletonView.swift in Sources */,
				A027 /* ToastView.swift in Sources */,
				A028 /* HomeScreenData.swift in Sources */,
				A200 /* BrowseContext.swift in Sources */,
				A029 /* HomeViewModel.swift in Sources */,
				A201 /* BrowseModalViewModel.swift in Sources */,
				A203 /* PersonModalViewModel.swift in Sources */,
				A030 /* HomeView.swift in Sources */,
				A032 /* BackendConfigViewModel.swift in Sources */,
				A033 /* BackendConfigView.swift in Sources */,
				A034 /* Color+Theme.swift in Sources */,
				A035 /* DetailsView.swift in Sources */,
				A036 /* PlayerView.swift in Sources */,
				A037 /* DetailsViewModel.swift in Sources */,
				A038 /* MediaItem+Hashable.swift in Sources */,
				A039 /* DetailsTabsBar.swift in Sources */,
				A040 /* SearchViewModel.swift in Sources */,
				A041 /* PlayerViewModel.swift in Sources */,
				A042 /* PlexServer.swift in Sources */,
				A043 /* LibraryViewModel.swift in Sources */,
				A044 /* LibraryFilterBarView.swift in Sources */,
				A045 /* CollectionsView.swift in Sources */,
				A046 /* WatchlistController.swift in Sources */,
				A047 /* MyListViewModel.swift in Sources */,
				A204 /* PersonModalView.swift in Sources */,
				C8D602A42E97F7D9002C9348 /* MPVVideoLayer.swift in Sources */,
				MPVMETAL001 /* MPVMetalLayer.swift in Sources */,
				A048 /* MyListView.swift in Sources */,
				A049 /* WatchlistButton.swift in Sources */,
				A050 /* MPVPlayerController.swift in Sources */,
				A051 /* PlayerBackend.swift in Sources */,
				A052 /* MPVVideoView.swift in Sources */,
				A065 /* NewPopularData.swift in Sources */,
				A066 /* NewPopularViewModel.swift in Sources */,
				A067 /* NewPopularHero.swift in Sources */,
				A085 /* TraktScrobbler.swift in Sources */,
				A205 /* TMDBSettingsView.swift in Sources */,
				A206 /* MDBListSettingsView.swift in Sources */,
				A207 /* OverseerrSettingsView.swift in Sources */,
				A208 /* RowsSettingsView.swift in Sources */,
				A250 /* HomeScreenAppearanceView.swift in Sources */,
				A251 /* DetailsScreenSettingsView.swift in Sources */,
				A209 /* CatalogSettingsView.swift in Sources */,
				A210 /* MDBListRatings.swift in Sources */,
				A211 /* OverseerrModels.swift in Sources */,
				A212 /* MDBListService.swift in Sources */,
				A213 /* OverseerrService.swift in Sources */,
				A214 /* RequestButton.swift in Sources */,
				A215 /* RatingsDisplay.swift in Sources */,
				A216 /* ContinueWatchingSettingsView.swift in Sources */,
				A217 /* HeroCarousel.swift in Sources */,
				A218 /* ContinueWatchingLandscapeRow.swift in Sources */,
				A219 /* ContinueWatchingPosterRow.swift in Sources */,
				A260 /* OnboardingView.swift in Sources */,
				A220 /* PosterSectionRow.swift in Sources */,
				A221 /* TrailersRow.swift in Sources */,
				A222 /* TrailerModal.swift in Sources */,
				A300 /* ServiceIcons.swift in Sources */,
				0509E7C9F208A6B61049105C /* PerformanceStats.swift in Sources */,
				8CAEF6116645785A9605C460 /* PerformanceOverlayView.swift in Sources */,
				3C76EFC4102D71E4F8EB7485 /* PlayerSettingsView.swift in Sources */,
				5141864342A197A67CBC0DEA /* TrackPreferenceService.swift in Sources */,
				3B374BB0581072BF2FDC1C78 /* MpvConfigModels.swift in Sources */,
				3A70BC76DBA52951CA9C3605 /* MpvConfigView.swift in Sources */,
				6A22C3A3C46B60883309776E /* ServerSelectView.swift in Sources */,
				9D82BB3DA6029E023449A907 /* EndpointSelectView.swift in Sources */,
				D593D818FCF559C1912E8893 /* ServerEndpointFlowView.swift in Sources */,
			);
			runOnlyForDeploymentPostprocessing = 0;
		};
/* End PBXSourcesBuildPhase section */

/* Begin XCBuildConfiguration section */
		H001 /* Debug */ = {
			isa = XCBuildConfiguration;
			buildSettings = {
				ALWAYS_SEARCH_USER_PATHS = NO;
				ASSETCATALOG_COMPILER_GENERATE_SWIFT_ASSET_SYMBOL_EXTENSIONS = YES;
				CLANG_ANALYZER_NONNULL = YES;
				CLANG_ANALYZER_NUMBER_OBJECT_CONVERSION = YES_AGGRESSIVE;
				CLANG_CXX_LANGUAGE_STANDARD = "gnu++20";
				CLANG_ENABLE_MODULES = YES;
				CLANG_ENABLE_OBJC_ARC = YES;
				CLANG_ENABLE_OBJC_WEAK = YES;
				CLANG_WARN_BLOCK_CAPTURE_AUTORELEASING = YES;
				CLANG_WARN_BOOL_CONVERSION = YES;
				CLANG_WARN_COMMA = YES;
				CLANG_WARN_CONSTANT_CONVERSION = YES;
				CLANG_WARN_DEPRECATED_OBJC_IMPLEMENTATIONS = YES;
				CLANG_WARN_DIRECT_OBJC_ISA_USAGE = YES_ERROR;
				CLANG_WARN_DOCUMENTATION_COMMENTS = YES;
				CLANG_WARN_EMPTY_BODY = YES;
				CLANG_WARN_ENUM_CONVERSION = YES;
				CLANG_WARN_INFINITE_RECURSION = YES;
				CLANG_WARN_INT_CONVERSION = YES;
				CLANG_WARN_NON_LITERAL_NULL_CONVERSION = YES;
				CLANG_WARN_OBJC_IMPLICIT_RETAIN_SELF = YES;
				CLANG_WARN_OBJC_LITERAL_CONVERSION = YES;
				CLANG_WARN_OBJC_ROOT_CLASS = YES_ERROR;
				CLANG_WARN_QUOTED_INCLUDE_IN_FRAMEWORK_HEADER = YES;
				CLANG_WARN_RANGE_LOOP_ANALYSIS = YES;
				CLANG_WARN_STRICT_PROTOTYPES = YES;
				CLANG_WARN_SUSPICIOUS_MOVE = YES;
				CLANG_WARN_UNGUARDED_AVAILABILITY = YES_AGGRESSIVE;
				CLANG_WARN_UNREACHABLE_CODE = YES;
				CLANG_WARN__DUPLICATE_METHOD_MATCH = YES;
				COPY_PHASE_STRIP = NO;
				DEBUG_INFORMATION_FORMAT = dwarf;
				ENABLE_STRICT_OBJC_MSGSEND = YES;
				ENABLE_TESTABILITY = YES;
				ENABLE_USER_SCRIPT_SANDBOXING = YES;
				GCC_C_LANGUAGE_STANDARD = gnu17;
				GCC_DYNAMIC_NO_PIC = NO;
				GCC_NO_COMMON_BLOCKS = YES;
				GCC_OPTIMIZATION_LEVEL = 0;
				GCC_PREPROCESSOR_DEFINITIONS = (
					"DEBUG=1",
					"$(inherited)",
				);
				GCC_WARN_64_TO_32_BIT_CONVERSION = YES;
				GCC_WARN_ABOUT_RETURN_TYPE = YES_ERROR;
				GCC_WARN_UNDECLARED_SELECTOR = YES;
				GCC_WARN_UNINITIALIZED_AUTOS = YES_AGGRESSIVE;
				GCC_WARN_UNUSED_FUNCTION = YES;
				GCC_WARN_UNUSED_VARIABLE = YES;
				LOCALIZATION_PREFERS_STRING_CATALOGS = YES;
				MACOSX_DEPLOYMENT_TARGET = 13.0;
				MTL_ENABLE_DEBUG_INFO = INCLUDE_SOURCE;
				MTL_FAST_MATH = YES;
				ONLY_ACTIVE_ARCH = YES;
				SDKROOT = macosx;
				SWIFT_ACTIVE_COMPILATION_CONDITIONS = "DEBUG $(inherited)";
				SWIFT_OPTIMIZATION_LEVEL = "-Onone";
			};
			name = Debug;
		};
		H002 /* Release */ = {
			isa = XCBuildConfiguration;
			buildSettings = {
				ALWAYS_SEARCH_USER_PATHS = NO;
				ASSETCATALOG_COMPILER_GENERATE_SWIFT_ASSET_SYMBOL_EXTENSIONS = YES;
				CLANG_ANALYZER_NONNULL = YES;
				CLANG_ANALYZER_NUMBER_OBJECT_CONVERSION = YES_AGGRESSIVE;
				CLANG_CXX_LANGUAGE_STANDARD = "gnu++20";
				CLANG_ENABLE_MODULES = YES;
				CLANG_ENABLE_OBJC_ARC = YES;
				CLANG_ENABLE_OBJC_WEAK = YES;
				CLANG_WARN_BLOCK_CAPTURE_AUTORELEASING = YES;
				CLANG_WARN_BOOL_CONVERSION = YES;
				CLANG_WARN_COMMA = YES;
				CLANG_WARN_CONSTANT_CONVERSION = YES;
				CLANG_WARN_DEPRECATED_OBJC_IMPLEMENTATIONS = YES;
				CLANG_WARN_DIRECT_OBJC_ISA_USAGE = YES_ERROR;
				CLANG_WARN_DOCUMENTATION_COMMENTS = YES;
				CLANG_WARN_EMPTY_BODY = YES;
				CLANG_WARN_ENUM_CONVERSION = YES;
				CLANG_WARN_INFINITE_RECURSION = YES;
				CLANG_WARN_INT_CONVERSION = YES;
				CLANG_WARN_NON_LITERAL_NULL_CONVERSION = YES;
				CLANG_WARN_OBJC_IMPLICIT_RETAIN_SELF = YES;
				CLANG_WARN_OBJC_LITERAL_CONVERSION = YES;
				CLANG_WARN_OBJC_ROOT_CLASS = YES_ERROR;
				CLANG_WARN_QUOTED_INCLUDE_IN_FRAMEWORK_HEADER = YES;
				CLANG_WARN_RANGE_LOOP_ANALYSIS = YES;
				CLANG_WARN_STRICT_PROTOTYPES = YES;
				CLANG_WARN_SUSPICIOUS_MOVE = YES;
				CLANG_WARN_UNGUARDED_AVAILABILITY = YES_AGGRESSIVE;
				CLANG_WARN_UNREACHABLE_CODE = YES;
				CLANG_WARN__DUPLICATE_METHOD_MATCH = YES;
				COPY_PHASE_STRIP = NO;
				DEBUG_INFORMATION_FORMAT = "dwarf-with-dsym";
				ENABLE_NS_ASSERTIONS = NO;
				ENABLE_STRICT_OBJC_MSGSEND = YES;
				ENABLE_USER_SCRIPT_SANDBOXING = YES;
				GCC_C_LANGUAGE_STANDARD = gnu17;
				GCC_NO_COMMON_BLOCKS = YES;
				GCC_WARN_64_TO_32_BIT_CONVERSION = YES;
				GCC_WARN_ABOUT_RETURN_TYPE = YES_ERROR;
				GCC_WARN_UNDECLARED_SELECTOR = YES;
				GCC_WARN_UNINITIALIZED_AUTOS = YES_AGGRESSIVE;
				GCC_WARN_UNUSED_FUNCTION = YES;
				GCC_WARN_UNUSED_VARIABLE = YES;
				LOCALIZATION_PREFERS_STRING_CATALOGS = YES;
				MACOSX_DEPLOYMENT_TARGET = 13.0;
				MTL_ENABLE_DEBUG_INFO = NO;
				MTL_FAST_MATH = YES;
				SDKROOT = macosx;
				SWIFT_COMPILATION_MODE = wholemodule;
			};
			name = Release;
		};
		H003 /* Debug */ = {
			isa = XCBuildConfiguration;
			buildSettings = {
				ASSETCATALOG_COMPILER_APPICON_NAME = AppIcon;
				"ASSETCATALOG_COMPILER_APPICON_NAME[sdk=macosx*]" = AppIcon;
				ASSETCATALOG_COMPILER_GLOBAL_ACCENT_COLOR_NAME = AccentColor;
				ASSETCATALOG_COMPILER_INCLUDE_ALL_APPICON_ASSETS = YES;
				AUTOMATION_APPLE_EVENTS = NO;
				CODE_SIGN_ENTITLEMENTS = FlixorMac/FlixorMac.entitlements;
				CODE_SIGN_STYLE = Automatic;
				COMBINE_HIDPI_IMAGES = YES;
				CURRENT_PROJECT_VERSION = 1;
				DEVELOPMENT_ASSET_PATHS = "";
				DEVELOPMENT_TEAM = GGZ5B2R5VP;
				ENABLE_HARDENED_RUNTIME = YES;
				ENABLE_PREVIEWS = YES;
				ENABLE_RESOURCE_ACCESS_AUDIO_INPUT = NO;
				ENABLE_RESOURCE_ACCESS_CALENDARS = NO;
				ENABLE_RESOURCE_ACCESS_CAMERA = NO;
				ENABLE_RESOURCE_ACCESS_CONTACTS = NO;
				ENABLE_RESOURCE_ACCESS_LOCATION = NO;
				ENABLE_RESOURCE_ACCESS_PHOTO_LIBRARY = NO;
				GENERATE_INFOPLIST_FILE = YES;
				HEADER_SEARCH_PATHS = "$(PROJECT_DIR)/deps/include";
				INFOPLIST_KEY_CFBundleDisplayName = Flixor;
				INFOPLIST_KEY_LSApplicationCategoryType = "public.app-category.entertainment";
				INFOPLIST_KEY_NSHumanReadableCopyright = "";
				LD_RUNPATH_SEARCH_PATHS = (
					"$(inherited)",
					"@executable_path/../Frameworks",
				);
				MARKETING_VERSION = 1.9.6;
				OTHER_LDFLAGS = "-Wl,-rpath,@executable_path/../Frameworks";
				PRODUCT_BUNDLE_IDENTIFIER = com.flixor.mac;
				PRODUCT_NAME = "$(TARGET_NAME)";
				RUNTIME_EXCEPTION_ALLOW_DYLD_ENVIRONMENT_VARIABLES = NO;
				RUNTIME_EXCEPTION_ALLOW_JIT = YES;
				RUNTIME_EXCEPTION_ALLOW_UNSIGNED_EXECUTABLE_MEMORY = NO;
				RUNTIME_EXCEPTION_DEBUGGING_TOOL = NO;
				RUNTIME_EXCEPTION_DISABLE_EXECUTABLE_PAGE_PROTECTION = NO;
				RUNTIME_EXCEPTION_DISABLE_LIBRARY_VALIDATION = NO;
				SWIFT_EMIT_LOC_STRINGS = YES;
				SWIFT_OBJC_BRIDGING_HEADER = "FlixorMac/FlixorMac-Bridging-Header.h";
				SWIFT_VERSION = 5.0;
			};
			name = Debug;
		};
		H004 /* Release */ = {
			isa = XCBuildConfiguration;
			buildSettings = {
				ASSETCATALOG_COMPILER_APPICON_NAME = AppIcon;
				"ASSETCATALOG_COMPILER_APPICON_NAME[sdk=macosx*]" = AppIcon;
				ASSETCATALOG_COMPILER_GLOBAL_ACCENT_COLOR_NAME = AccentColor;
				ASSETCATALOG_COMPILER_INCLUDE_ALL_APPICON_ASSETS = YES;
				AUTOMATION_APPLE_EVENTS = NO;
				CODE_SIGN_ENTITLEMENTS = FlixorMac/FlixorMac.entitlements;
				CODE_SIGN_STYLE = Automatic;
				COMBINE_HIDPI_IMAGES = YES;
				CURRENT_PROJECT_VERSION = 1;
				DEVELOPMENT_ASSET_PATHS = "";
				DEVELOPMENT_TEAM = GGZ5B2R5VP;
				ENABLE_HARDENED_RUNTIME = YES;
				ENABLE_PREVIEWS = YES;
				ENABLE_RESOURCE_ACCESS_AUDIO_INPUT = NO;
				ENABLE_RESOURCE_ACCESS_CALENDARS = NO;
				ENABLE_RESOURCE_ACCESS_CAMERA = NO;
				ENABLE_RESOURCE_ACCESS_CONTACTS = NO;
				ENABLE_RESOURCE_ACCESS_LOCATION = NO;
				ENABLE_RESOURCE_ACCESS_PHOTO_LIBRARY = NO;
				GENERATE_INFOPLIST_FILE = YES;
				HEADER_SEARCH_PATHS = "$(PROJECT_DIR)/deps/include";
				INFOPLIST_KEY_CFBundleDisplayName = Flixor;
				INFOPLIST_KEY_LSApplicationCategoryType = "public.app-category.entertainment";
				INFOPLIST_KEY_NSHumanReadableCopyright = "";
				LD_RUNPATH_SEARCH_PATHS = (
					"$(inherited)",
					"@executable_path/../Frameworks",
				);
				MARKETING_VERSION = 1.9.6;
				OTHER_LDFLAGS = "-Wl,-rpath,@executable_path/../Frameworks";
				PRODUCT_BUNDLE_IDENTIFIER = com.flixor.mac;
				PRODUCT_NAME = "$(TARGET_NAME)";
				RUNTIME_EXCEPTION_ALLOW_DYLD_ENVIRONMENT_VARIABLES = NO;
				RUNTIME_EXCEPTION_ALLOW_JIT = YES;
				RUNTIME_EXCEPTION_ALLOW_UNSIGNED_EXECUTABLE_MEMORY = NO;
				RUNTIME_EXCEPTION_DEBUGGING_TOOL = NO;
				RUNTIME_EXCEPTION_DISABLE_EXECUTABLE_PAGE_PROTECTION = NO;
				RUNTIME_EXCEPTION_DISABLE_LIBRARY_VALIDATION = NO;
				SWIFT_EMIT_LOC_STRINGS = YES;
				SWIFT_OBJC_BRIDGING_HEADER = "FlixorMac/FlixorMac-Bridging-Header.h";
				SWIFT_VERSION = 5.0;
			};
			name = Release;
		};
/* End XCBuildConfiguration section */

/* Begin XCConfigurationList section */
		F001 /* Build configuration list for PBXNativeTarget "FlixorMac" */ = {
			isa = XCConfigurationList;
			buildConfigurations = (
				H003 /* Debug */,
				H004 /* Release */,
			);
			defaultConfigurationIsVisible = 0;
			defaultConfigurationName = Release;
		};
		F002 /* Build configuration list for PBXProject "FlixorMac" */ = {
			isa = XCConfigurationList;
			buildConfigurations = (
				H001 /* Debug */,
				H002 /* Release */,
			);
			defaultConfigurationIsVisible = 0;
			defaultConfigurationName = Release;
		};
/* End XCConfigurationList section */

/* Begin XCLocalSwiftPackageReference section */
		FKPR0001 /* XCLocalSwiftPackageReference "FlixorKit" */ = {
			isa = XCLocalSwiftPackageReference;
			relativePath = ../../shared/FlixorKit;
		};
/* End XCLocalSwiftPackageReference section */

/* Begin XCRemoteSwiftPackageReference section */
		MPVK0001 /* XCRemoteSwiftPackageReference "MPVKit" */ = {
			isa = XCRemoteSwiftPackageReference;
			repositoryURL = "https://github.com/edde746/MPVKit";
			requirement = {
				kind = revision;
				revision = e6afd7fa47b6a0f55c29028bbebb4a05b43e779f;
			};
		};
		YTPK0001 /* XCRemoteSwiftPackageReference "YouTubePlayerKit" */ = {
			isa = XCRemoteSwiftPackageReference;
			repositoryURL = "https://github.com/SvenTiigi/YouTubePlayerKit.git";
			requirement = {
				kind = upToNextMajorVersion;
				minimumVersion = 2.0.0;
			};
		};
/* End XCRemoteSwiftPackageReference section */

/* Begin XCSwiftPackageProductDependency section */
		FKPD0001 /* FlixorKit */ = {
			isa = XCSwiftPackageProductDependency;
			productName = FlixorKit;
		};
		MPVD0001 /* MPVKit-GPL */ = {
			isa = XCSwiftPackageProductDependency;
			package = MPVK0001 /* XCRemoteSwiftPackageReference "MPVKit" */;
			productName = "MPVKit-GPL";
		};
		YTPD0001 /* YouTubePlayerKit */ = {
			isa = XCSwiftPackageProductDependency;
			package = YTPK0001 /* XCRemoteSwiftPackageReference "YouTubePlayerKit" */;
			productName = YouTubePlayerKit;
		};
/* End XCSwiftPackageProductDependency section */
	};
	rootObject = G001 /* Project object */;
}
